// !$*UTF8*$!
{
	archiveVersion = 1;
	classes = {
	};
	objectVersion = 46;
	objects = {

/* Begin PBXBuildFile section */
		98FFF7221E217F9C00A279DF /* AppDelegate.swift in Sources */ = {isa = PBXBuildFile; fileRef = 98FFF7211E217F9C00A279DF /* AppDelegate.swift */; };
		98FFF7241E217F9C00A279DF /* ViewController.swift in Sources */ = {isa = PBXBuildFile; fileRef = 98FFF7231E217F9C00A279DF /* ViewController.swift */; };
		98FFF7271E217F9C00A279DF /* Main.storyboard in Resources */ = {isa = PBXBuildFile; fileRef = 98FFF7251E217F9C00A279DF /* Main.storyboard */; };
		98FFF7291E217F9C00A279DF /* Assets.xcassets in Resources */ = {isa = PBXBuildFile; fileRef = 98FFF7281E217F9C00A279DF /* Assets.xcassets */; };
		98FFF72C1E217F9C00A279DF /* LaunchScreen.storyboard in Resources */ = {isa = PBXBuildFile; fileRef = 98FFF72A1E217F9C00A279DF /* LaunchScreen.storyboard */; };
/* End PBXBuildFile section */

/* Begin PBXFileReference section */
		98FFF71E1E217F9C00A279DF /* RandomFacts.app */ = {isa = PBXFileReference; explicitFileType = wrapper.application; includeInIndex = 0; path = RandomFacts.app; sourceTree = BUILT_PRODUCTS_DIR; };
		98FFF7211E217F9C00A279DF /* AppDelegate.swift */ = {isa = PBXFileReference; lastKnownFileType = sourcecode.swift; path = AppDelegate.swift; sourceTree = "<group>"; };
		98FFF7231E217F9C00A279DF /* ViewController.swift */ = {isa = PBXFileReference; lastKnownFileType = sourcecode.swift; path = ViewController.swift; sourceTree = "<group>"; };
		98FFF7261E217F9C00A279DF /* Base */ = {isa = PBXFileReference; lastKnownFileType = file.storyboard; name = Base; path = Base.lproj/Main.storyboard; sourceTree = "<group>"; };
		98FFF7281E217F9C00A279DF /* Assets.xcassets */ = {isa = PBXFileReference; lastKnownFileType = folder.assetcatalog; path = Assets.xcassets; sourceTree = "<group>"; };
		98FFF72B1E217F9C00A279DF /* Base */ = {isa = PBXFileReference; lastKnownFileType = file.storyboard; name = Base; path = Base.lproj/LaunchScreen.storyboard; sourceTree = "<group>"; };
		98FFF72D1E217F9C00A279DF /* Info.plist */ = {isa = PBXFileReference; lastKnownFileType = text.plist.xml; path = Info.plist; sourceTree = "<group>"; };
/* End PBXFileReference section */

/* Begin PBXFrameworksBuildPhase section */
		98FFF71B1E217F9C00A279DF /* Frameworks */ = {
			isa = PBXFrameworksBuildPhase;
			buildActionMask = 2147483647;
			files = (
			);
			runOnlyForDeploymentPostprocessing = 0;
		};
/* End PBXFrameworksBuildPhase section */

/* Begin PBXGroup section */
		98FFF7151E217F9C00A279DF = {
			isa = PBXGroup;
			children = (
				98FFF7201E217F9C00A279DF /* RandomFacts */,
				98FFF71F1E217F9C00A279DF /* Products */,
			);
			sourceTree = "<group>";
		};
		98FFF71F1E217F9C00A279DF /* Products */ = {
			isa = PBXGroup;
			children = (
				98FFF71E1E217F9C00A279DF /* RandomFacts.app */,
			);
			name = Products;
			sourceTree = "<group>";
		};
		98FFF7201E217F9C00A279DF /* RandomFacts */ = {
			isa = PBXGroup;
			children = (
				98FFF7211E217F9C00A279DF /* AppDelegate.swift */,
				98FFF7231E217F9C00A279DF /* ViewController.swift */,
				98FFF7251E217F9C00A279DF /* Main.storyboard */,
				98FFF7281E217F9C00A279DF /* Assets.xcassets */,
				98FFF72A1E217F9C00A279DF /* LaunchScreen.storyboard */,
				98FFF72D1E217F9C00A279DF /* Info.plist */,
			);
			path = RandomFacts;
			sourceTree = "<group>";
		};
/* End PBXGroup section */

/* Begin PBXNativeTarget section */
		98FFF71D1E217F9C00A279DF /* RandomFacts */ = {
			isa = PBXNativeTarget;
			buildConfigurationList = 98FFF7301E217F9C00A279DF /* Build configuration list for PBXNativeTarget "RandomFacts" */;
			buildPhases = (
				98FFF71A1E217F9C00A279DF /* Sources */,
				98FFF71B1E217F9C00A279DF /* Frameworks */,
				98FFF71C1E217F9C00A279DF /* Resources */,
			);
			buildRules = (
			);
			dependencies = (
			);
			name = RandomFacts;
			productName = RandomFacts;
			productReference = 98FFF71E1E217F9C00A279DF /* RandomFacts.app */;
			productType = "com.apple.product-type.application";
		};
/* End PBXNativeTarget section */

/* Begin PBXProject section */
		98FFF7161E217F9C00A279DF /* Project object */ = {
			isa = PBXProject;
			attributes = {
				LastSwiftUpdateCheck = 0820;
				LastUpgradeCheck = 0820;
				ORGANIZATIONNAME = "CROSS-A";
				TargetAttributes = {
					98FFF71D1E217F9C00A279DF = {
						CreatedOnToolsVersion = 8.2.1;
						DevelopmentTeam = 29BFEDRFS6;
						ProvisioningStyle = Automatic;
					};
				};
			};
			buildConfigurationList = 98FFF7191E217F9C00A279DF /* Build configuration list for PBXProject "RandomFacts" */;
			compatibilityVersion = "Xcode 3.2";
			developmentRegion = English;
			hasScannedForEncodings = 0;
			knownRegions = (
				en,
				Base,
			);
			mainGroup = 98FFF7151E217F9C00A279DF;
			productRefGroup = 98FFF71F1E217F9C00A279DF /* Products */;
			projectDirPath = "";
			projectRoot = "";
			targets = (
				98FFF71D1E217F9C00A279DF /* RandomFacts */,
			);
		};
/* End PBXProject section */

/* Begin PBXResourcesBuildPhase section */
		98FFF71C1E217F9C00A279DF /* Resources */ = {
			isa = PBXResourcesBuildPhase;
			buildActionMask = 2147483647;
			files = (
				98FFF72C1E217F9C00A279DF /* LaunchScreen.storyboard in Resources */,
				98FFF7291E217F9C00A279DF /* Assets.xcassets in Resources */,
				98FFF7271E217F9C00A279DF /* Main.storyboard in Resources */,
			);
			runOnlyForDeploymentPostprocessing = 0;
		};
/* End PBXResourcesBuildPhase section */

/* Begin PBXSourcesBuildPhase section */
		98FFF71A1E217F9C00A279DF /* Sources */ = {
			isa = PBXSourcesBuildPhase;
			buildActionMask = 2147483647;
			files = (
				98FFF7241E217F9C00A279DF /* ViewController.swift in Sources */,
				98FFF7221E217F9C00A279DF /* AppDelegate.swift in Sources */,
			);
			runOnlyForDeploymentPostprocessing = 0;
		};
/* End PBXSourcesBuildPhase section */

/* Begin PBXVariantGroup section */
		98FFF7251E217F9C00A279DF /* Main.storyboard */ = {
			isa = PBXVariantGroup;
			children = (
				98FFF7261E217F9C00A279DF /* Base */,
			);
			name = Main.storyboard;
			sourceTree = "<group>";
		};
		98FFF72A1E217F9C00A279DF /* LaunchScreen.storyboard */ = {
			isa = PBXVariantGroup;
			children = (
				98FFF72B1E217F9C00A279DF /* Base */,
			);
			name = LaunchScreen.storyboard;
			sourceTree = "<group>";
		};
/* End PBXVariantGroup section */

/* Begin XCBuildConfiguration section */
		98FFF72E1E217F9C00A279DF /* Debug */ = {
			isa = XCBuildConfiguration;
			buildSettings = {
				ALWAYS_SEARCH_USER_PATHS = NO;
				CLANG_ANALYZER_NONNULL = YES;
				CLANG_CXX_LANGUAGE_STANDARD = "gnu++0x";
				CLANG_CXX_LIBRARY = "libc++";
				CLANG_ENABLE_MODULES = YES;
				CLANG_ENABLE_OBJC_ARC = YES;
				CLANG_WARN_BOOL_CONVERSION = YES;
				CLANG_WARN_CONSTANT_CONVERSION = YES;
				CLANG_WARN_DIRECT_OBJC_ISA_USAGE = YES_ERROR;
				CLANG_WARN_DOCUMENTATION_COMMENTS = YES;
				CLANG_WARN_EMPTY_BODY = YES;
				CLANG_WARN_ENUM_CONVERSION = YES;
				CLANG_WARN_INFINITE_RECURSION = YES;
				CLANG_WARN_INT_CONVERSION = YES;
				CLANG_WARN_OBJC_ROOT_CLASS = YES_ERROR;
				CLANG_WARN_SUSPICIOUS_MOVE = YES;
				CLANG_WARN_UNREACHABLE_CODE = YES;
				CLANG_WARN__DUPLICATE_METHOD_MATCH = YES;
				"CODE_SIGN_IDENTITY[sdk=iphoneos*]" = "iPhone Developer";
				COPY_PHASE_STRIP = NO;
				DEBUG_INFORMATION_FORMAT = dwarf;
				ENABLE_STRICT_OBJC_MSGSEND = YES;
				ENABLE_TESTABILITY = YES;
				GCC_C_LANGUAGE_STANDARD = gnu99;
				GCC_DYNAMIC_NO_PIC = NO;
				GCC_NO_COMMON_BLOCKS = YES;
				GCC_OPTIMIZATION_LEVEL = 0;
				GCC_PREPROCESSOR_DEFINITIONS = (
					"DEBUG=1",
					"$(inherited)",
				);
				GCC_WARN_64_TO_32_BIT_CONVERSION = YES;
				GCC_WARN_ABOUT_RETURN_TYPE = YES_ERROR;
				GCC_WARN_UNDECLARED_SELECTOR = YES;
				GCC_WARN_UNINITIALIZED_AUTOS = YES_AGGRESSIVE;
				GCC_WARN_UNUSED_FUNCTION = YES;
				GCC_WARN_UNUSED_VARIABLE = YES;
				IPHONEOS_DEPLOYMENT_TARGET = 10.2;
				MTL_ENABLE_DEBUG_INFO = YES;
				ONLY_ACTIVE_ARCH = YES;
				SDKROOT = iphoneos;
				SWIFT_ACTIVE_COMPILATION_CONDITIONS = DEBUG;
				SWIFT_OPTIMIZATION_LEVEL = "-Onone";
			};
			name = Debug;
		};
		98FFF72F1E217F9C00A279DF /* Release */ = {
			isa = XCBuildConfiguration;
			buildSettings = {
				ALWAYS_SEARCH_USER_PATHS = NO;
				CLANG_ANALYZER_NONNULL = YES;
				CLANG_CXX_LANGUAGE_STANDARD = "gnu++0x";
				CLANG_CXX_LIBRARY = "libc++";
				CLANG_ENABLE_MODULES = YES;
				CLANG_ENABLE_OBJC_ARC = YES;
				CLANG_WARN_BOOL_CONVERSION = YES;
				CLANG_WARN_CONSTANT_CONVERSION = YES;
				CLANG_WARN_DIRECT_OBJC_ISA_USAGE = YES_ERROR;
				CLANG_WARN_DOCUMENTATION_COMMENTS = YES;
				CLANG_WARN_EMPTY_BODY = YES;
				CLANG_WARN_ENUM_CONVERSION = YES;
				CLANG_WARN_INFINITE_RECURSION = YES;
				CLANG_WARN_INT_CONVERSION = YES;
				CLANG_WARN_OBJC_ROOT_CLASS = YES_ERROR;
				CLANG_WARN_SUSPICIOUS_MOVE = YES;
				CLANG_WARN_UNREACHABLE_CODE = YES;
				CLANG_WARN__DUPLICATE_METHOD_MATCH = YES;
				"CODE_SIGN_IDENTITY[sdk=iphoneos*]" = "iPhone Developer";
				COPY_PHASE_STRIP = NO;
				DEBUG_INFORMATION_FORMAT = "dwarf-with-dsym";
				ENABLE_NS_ASSERTIONS = NO;
				ENABLE_STRICT_OBJC_MSGSEND = YES;
				GCC_C_LANGUAGE_STANDARD = gnu99;
				GCC_NO_COMMON_BLOCKS = YES;
				GCC_WARN_64_TO_32_BIT_CONVERSION = YES;
				GCC_WARN_ABOUT_RETURN_TYPE = YES_ERROR;
				GCC_WARN_UNDECLARED_SELECTOR = YES;
				GCC_WARN_UNINITIALIZED_AUTOS = YES_AGGRESSIVE;
				GCC_WARN_UNUSED_FUNCTION = YES;
				GCC_WARN_UNUSED_VARIABLE = YES;
				IPHONEOS_DEPLOYMENT_TARGET = 10.2;
				MTL_ENABLE_DEBUG_INFO = NO;
				SDKROOT = iphoneos;
				SWIFT_OPTIMIZATION_LEVEL = "-Owholemodule";
				VALIDATE_PRODUCT = YES;
			};
			name = Release;
		};
		98FFF7311E217F9C00A279DF /* Debug */ = {
			isa = XCBuildConfiguration;
			buildSettings = {
				ASSETCATALOG_COMPILER_APPICON_NAME = AppIcon;
				DEVELOPMENT_TEAM = 29BFEDRFS6;
				INFOPLIST_FILE = RandomFacts/Info.plist;
				LD_RUNPATH_SEARCH_PATHS = "$(inherited) @executable_path/Frameworks";
				PRODUCT_BUNDLE_IDENTIFIER = "com.cross-a.RandomFacts";
				PRODUCT_NAME = "$(TARGET_NAME)";
				SWIFT_VERSION = 3.0;
			};
			name = Debug;
		};
		98FFF7321E217F9C00A279DF /* Release */ = {
			isa = XCBuildConfiguration;
			buildSettings = {
				ASSETCATALOG_COMPILER_APPICON_NAME = AppIcon;
				DEVELOPMENT_TEAM = 29BFEDRFS6;
				INFOPLIST_FILE = RandomFacts/Info.plist;
				LD_RUNPATH_SEARCH_PATHS = "$(inherited) @executable_path/Frameworks";
				PRODUCT_BUNDLE_IDENTIFIER = "com.cross-a.RandomFacts";
				PRODUCT_NAME = "$(TARGET_NAME)";
				SWIFT_VERSION = 3.0;
			};
			name = Release;
		};
/* End XCBuildConfiguration section */

/* Begin XCConfigurationList section */
		98FFF7191E217F9C00A279DF /* Build configuration list for PBXProject "RandomFacts" */ = {
			isa = XCConfigurationList;
			buildConfigurations = (
				98FFF72E1E217F9C00A279DF /* Debug */,
				98FFF72F1E217F9C00A279DF /* Release */,
			);
			defaultConfigurationIsVisible = 0;
			defaultConfigurationName = Release;
		};
		98FFF7301E217F9C00A279DF /* Build configuration list for PBXNativeTarget "RandomFacts" */ = {
			isa = XCConfigurationList;
			buildConfigurations = (
				98FFF7311E217F9C00A279DF /* Debug */,
				98FFF7321E217F9C00A279DF /* Release */,
			);
			defaultConfigurationIsVisible = 0;
		};
/* End XCConfigurationList section */
	};
	rootObject = 98FFF7161E217F9C00A279DF /* Project object */;
}
